
Microsoft Visual Studio Solution File, Format Version 12.00
# Visual Studio 2012
Project("{FAE04EC0-301F-11D3-BF4B-00C04F79EFBC}") = "Mapbox.Android.Sdk", "Mapbox.Android.Sdk\Mapbox.Android.Sdk.csproj", "{6F6EA2A0-9B97-41A5-9282-C89D5564E05C}"
EndProject
Global
	GlobalSection(SolutionConfigurationPlatforms) = preSolution
		Debug|Any CPU = Debug|Any CPU
		Release|Any CPU = Release|Any CPU
	EndGlobalSection
	GlobalSection(ProjectConfigurationPlatforms) = postSolution
		{6F6EA2A0-9B97-41A5-9282-C89D5564E05C}.Debug|Any CPU.ActiveCfg = Debug|Any CPU
		{6F6EA2A0-9B97-41A5-9282-C89D5564E05C}.Debug|Any CPU.Build.0 = Debug|Any CPU
		{6F6EA2A0-9B97-41A5-9282-C89D5564E05C}.Release|Any CPU.ActiveCfg = Release|Any CPU
		{6F6EA2A0-9B97-41A5-9282-C89D5564E05C}.Release|Any CPU.Build.0 = Release|Any CPU
	EndGlobalSection
EndGlobal
